// !$*UTF8*$!
{
	archiveVersion = 1;
	classes = {
	};
	objectVersion = 56;
	objects = {

/* Begin PBXBuildFile section */
		B98EB3232B4933990003A4D7 /* AppDelegate.swift in Sources */ = {isa = PBXBuildFile; fileRef = B98EB3222B4933990003A4D7 /* AppDelegate.swift */; };
		B98EB3252B4933990003A4D7 /* SceneDelegate.swift in Sources */ = {isa = PBXBuildFile; fileRef = B98EB3242B4933990003A4D7 /* SceneDelegate.swift */; };
		B98EB3272B4933990003A4D7 /* ViewController.swift in Sources */ = {isa = PBXBuildFile; fileRef = B98EB3262B4933990003A4D7 /* ViewController.swift */; };
		B98EB32A2B4933990003A4D7 /* Main.storyboard in Resources */ = {isa = PBXBuildFile; fileRef = B98EB3282B4933990003A4D7 /* Main.storyboard */; };
		B98EB32C2B49339C0003A4D7 /* Assets.xcassets in Resources */ = {isa = PBXBuildFile; fileRef = B98EB32B2B49339C0003A4D7 /* Assets.xcassets */; };
		B98EB32F2B49339C0003A4D7 /* LaunchScreen.storyboard in Resources */ = {isa = PBXBuildFile; fileRef = B98EB32D2B49339C0003A4D7 /* LaunchScreen.storyboard */; };
		B98EB33A2B49339C0003A4D7 /* CounterTests.swift in Sources */ = {isa = PBXBuildFile; fileRef = B98EB3392B49339C0003A4D7 /* CounterTests.swift */; };
		B98EB3442B49339C0003A4D7 /* CounterUITests.swift in Sources */ = {isa = PBXBuildFile; fileRef = B98EB3432B49339C0003A4D7 /* CounterUITests.swift */; };
		B98EB3462B49339C0003A4D7 /* CounterUITestsLaunchTests.swift in Sources */ = {isa = PBXBuildFile; fileRef = B98EB3452B49339C0003A4D7 /* CounterUITestsLaunchTests.swift */; };
/* End PBXBuildFile section */

/* Begin PBXContainerItemProxy section */
		B98EB3362B49339C0003A4D7 /* PBXContainerItemProxy */ = {
			isa = PBXContainerItemProxy;
			containerPortal = B98EB3172B4933990003A4D7 /* Project object */;
			proxyType = 1;
			remoteGlobalIDString = B98EB31E2B4933990003A4D7;
			remoteInfo = Counter;
		};
		B98EB3402B49339C0003A4D7 /* PBXContainerItemProxy */ = {
			isa = PBXContainerItemProxy;
			containerPortal = B98EB3172B4933990003A4D7 /* Project object */;
			proxyType = 1;
			remoteGlobalIDString = B98EB31E2B4933990003A4D7;
			remoteInfo = Counter;
		};
/* End PBXContainerItemProxy section */

/* Begin PBXFileReference section */
		B98EB31F2B4933990003A4D7 /* Counter.app */ = {isa = PBXFileReference; explicitFileType = wrapper.application; includeInIndex = 0; path = Counter.app; sourceTree = BUILT_PRODUCTS_DIR; };
		B98EB3222B4933990003A4D7 /* AppDelegate.swift */ = {isa = PBXFileReference; lastKnownFileType = sourcecode.swift; path = AppDelegate.swift; sourceTree = "<group>"; };
		B98EB3242B4933990003A4D7 /* SceneDelegate.swift */ = {isa = PBXFileReference; lastKnownFileType = sourcecode.swift; path = SceneDelegate.swift; sourceTree = "<group>"; };
		B98EB3262B4933990003A4D7 /* ViewController.swift */ = {isa = PBXFileReference; lastKnownFileType = sourcecode.swift; path = ViewController.swift; sourceTree = "<group>"; };
		B98EB3292B4933990003A4D7 /* Base */ = {isa = PBXFileReference; lastKnownFileType = file.storyboard; name = Base; path = Base.lproj/Main.storyboard; sourceTree = "<group>"; };
		B98EB32B2B49339C0003A4D7 /* Assets.xcassets */ = {isa = PBXFileReference; lastKnownFileType = folder.assetcatalog; path = Assets.xcassets; sourceTree = "<group>"; };
		B98EB32E2B49339C0003A4D7 /* Base */ = {isa = PBXFileReference; lastKnownFileType = file.storyboard; name = Base; path = Base.lproj/LaunchScreen.storyboard; sourceTree = "<group>"; };
		B98EB3302B49339C0003A4D7 /* Info.plist */ = {isa = PBXFileReference; lastKnownFileType = text.plist.xml; path = Info.plist; sourceTree = "<group>"; };
		B98EB3352B49339C0003A4D7 /* CounterTests.xctest */ = {isa = PBXFileReference; explicitFileType = wrapper.cfbundle; includeInIndex = 0; path = CounterTests.xctest; sourceTree = BUILT_PRODUCTS_DIR; };
		B98EB3392B49339C0003A4D7 /* CounterTests.swift */ = {isa = PBXFileReference; lastKnownFileType = sourcecode.swift; path = CounterTests.swift; sourceTree = "<group>"; };
		B98EB33F2B49339C0003A4D7 /* CounterUITests.xctest */ = {isa = PBXFileReference; explicitFileType = wrapper.cfbundle; includeInIndex = 0; path = CounterUITests.xctest; sourceTree = BUILT_PRODUCTS_DIR; };
		B98EB3432B49339C0003A4D7 /* CounterUITests.swift */ = {isa = PBXFileReference; lastKnownFileType = sourcecode.swift; path = CounterUITests.swift; sourceTree = "<group>"; };
		B98EB3452B49339C0003A4D7 /* CounterUITestsLaunchTests.swift */ = {isa = PBXFileReference; lastKnownFileType = sourcecode.swift; path = CounterUITestsLaunchTests.swift; sourceTree = "<group>"; };
/* End PBXFileReference section */

/* Begin PBXFrameworksBuildPhase section */
		B98EB31C2B4933990003A4D7 /* Frameworks */ = {
			isa = PBXFrameworksBuildPhase;
			buildActionMask = 2147483647;
			files = (
			);
			runOnlyForDeploymentPostprocessing = 0;
		};
		B98EB3322B49339C0003A4D7 /* Frameworks */ = {
			isa = PBXFrameworksBuildPhase;
			buildActionMask = 2147483647;
			files = (
			);
			runOnlyForDeploymentPostprocessing = 0;
		};
		B98EB33C2B49339C0003A4D7 /* Frameworks */ = {
			isa = PBXFrameworksBuildPhase;
			buildActionMask = 2147483647;
			files = (
			);
			runOnlyForDeploymentPostprocessing = 0;
		};
/* End PBXFrameworksBuildPhase section */

/* Begin PBXGroup section */
		B98EB3162B4933990003A4D7 = {
			isa = PBXGroup;
			children = (
				B98EB3212B4933990003A4D7 /* Counter */,
				B98EB3382B49339C0003A4D7 /* CounterTests */,
				B98EB3422B49339C0003A4D7 /* CounterUITests */,
				B98EB3202B4933990003A4D7 /* Products */,
			);
			sourceTree = "<group>";
		};
		B98EB3202B4933990003A4D7 /* Products */ = {
			isa = PBXGroup;
			children = (
				B98EB31F2B4933990003A4D7 /* Counter.app */,
				B98EB3352B49339C0003A4D7 /* CounterTests.xctest */,
				B98EB33F2B49339C0003A4D7 /* CounterUITests.xctest */,
			);
			name = Products;
			sourceTree = "<group>";
		};
		B98EB3212B4933990003A4D7 /* Counter */ = {
			isa = PBXGroup;
			children = (
				B98EB3222B4933990003A4D7 /* AppDelegate.swift */,
				B98EB3242B4933990003A4D7 /* SceneDelegate.swift */,
				B98EB3262B4933990003A4D7 /* ViewController.swift */,
				B98EB3282B4933990003A4D7 /* Main.storyboard */,
				B98EB32B2B49339C0003A4D7 /* Assets.xcassets */,
				B98EB32D2B49339C0003A4D7 /* LaunchScreen.storyboard */,
				B98EB3302B49339C0003A4D7 /* Info.plist */,
			);
			path = Counter;
			sourceTree = "<group>";
		};
		B98EB3382B49339C0003A4D7 /* CounterTests */ = {
			isa = PBXGroup;
			children = (
				B98EB3392B49339C0003A4D7 /* CounterTests.swift */,
			);
			path = CounterTests;
			sourceTree = "<group>";
		};
		B98EB3422B49339C0003A4D7 /* CounterUITests */ = {
			isa = PBXGroup;
			children = (
				B98EB3432B49339C0003A4D7 /* CounterUITests.swift */,
				B98EB3452B49339C0003A4D7 /* CounterUITestsLaunchTests.swift */,
			);
			path = CounterUITests;
			sourceTree = "<group>";
		};
/* End PBXGroup section */

/* Begin PBXNativeTarget section */
		B98EB31E2B4933990003A4D7 /* Counter */ = {
			isa = PBXNativeTarget;
			buildConfigurationList = B98EB3492B49339C0003A4D7 /* Build configuration list for PBXNativeTarget "Counter" */;
			buildPhases = (
				B98EB31B2B4933990003A4D7 /* Sources */,
				B98EB31C2B4933990003A4D7 /* Frameworks */,
				B98EB31D2B4933990003A4D7 /* Resources */,
			);
			buildRules = (
			);
			dependencies = (
			);
			name = Counter;
			productName = Counter;
			productReference = B98EB31F2B4933990003A4D7 /* Counter.app */;
			productType = "com.apple.product-type.application";
		};
		B98EB3342B49339C0003A4D7 /* CounterTests */ = {
			isa = PBXNativeTarget;
			buildConfigurationList = B98EB34C2B49339C0003A4D7 /* Build configuration list for PBXNativeTarget "CounterTests" */;
			buildPhases = (
				B98EB3312B49339C0003A4D7 /* Sources */,
				B98EB3322B49339C0003A4D7 /* Frameworks */,
				B98EB3332B49339C0003A4D7 /* Resources */,
			);
			buildRules = (
			);
			dependencies = (
				B98EB3372B49339C0003A4D7 /* PBXTargetDependency */,
			);
			name = CounterTests;
			productName = CounterTests;
			productReference = B98EB3352B49339C0003A4D7 /* CounterTests.xctest */;
			productType = "com.apple.product-type.bundle.unit-test";
		};
		B98EB33E2B49339C0003A4D7 /* CounterUITests */ = {
			isa = PBXNativeTarget;
			buildConfigurationList = B98EB34F2B49339C0003A4D7 /* Build configuration list for PBXNativeTarget "CounterUITests" */;
			buildPhases = (
				B98EB33B2B49339C0003A4D7 /* Sources */,
				B98EB33C2B49339C0003A4D7 /* Frameworks */,
				B98EB33D2B49339C0003A4D7 /* Resources */,
			);
			buildRules = (
			);
			dependencies = (
				B98EB3412B49339C0003A4D7 /* PBXTargetDependency */,
			);
			name = CounterUITests;
			productName = CounterUITests;
			productReference = B98EB33F2B49339C0003A4D7 /* CounterUITests.xctest */;
			productType = "com.apple.product-type.bundle.ui-testing";
		};
/* End PBXNativeTarget section */

/* Begin PBXProject section */
		B98EB3172B4933990003A4D7 /* Project object */ = {
			isa = PBXProject;
			attributes = {
				BuildIndependentTargetsInParallel = 1;
				LastSwiftUpdateCheck = 1510;
				LastUpgradeCheck = 1510;
				TargetAttributes = {
					B98EB31E2B4933990003A4D7 = {
						CreatedOnToolsVersion = 15.1;
					};
					B98EB3342B49339C0003A4D7 = {
						CreatedOnToolsVersion = 15.1;
						TestTargetID = B98EB31E2B4933990003A4D7;
					};
					B98EB33E2B49339C0003A4D7 = {
						CreatedOnToolsVersion = 15.1;
						TestTargetID = B98EB31E2B4933990003A4D7;
					};
				};
			};
			buildConfigurationList = B98EB31A2B4933990003A4D7 /* Build configuration list for PBXProject "Counter" */;
			compatibilityVersion = "Xcode 14.0";
			developmentRegion = en;
			hasScannedForEncodings = 0;
			knownRegions = (
				en,
				Base,
			);
			mainGroup = B98EB3162B4933990003A4D7;
			productRefGroup = B98EB3202B4933990003A4D7 /* Products */;
			projectDirPath = "";
			projectRoot = "";
			targets = (
				B98EB31E2B4933990003A4D7 /* Counter */,
				B98EB3342B49339C0003A4D7 /* CounterTests */,
				B98EB33E2B49339C0003A4D7 /* CounterUITests */,
			);
		};
/* End PBXProject section */

/* Begin PBXResourcesBuildPhase section */
		B98EB31D2B4933990003A4D7 /* Resources */ = {
			isa = PBXResourcesBuildPhase;
			buildActionMask = 2147483647;
			files = (
				B98EB32F2B49339C0003A4D7 /* LaunchScreen.storyboard in Resources */,
				B98EB32C2B49339C0003A4D7 /* Assets.xcassets in Resources */,
				B98EB32A2B4933990003A4D7 /* Main.storyboard in Resources */,
			);
			runOnlyForDeploymentPostprocessing = 0;
		};
		B98EB3332B49339C0003A4D7 /* Resources */ = {
			isa = PBXResourcesBuildPhase;
			buildActionMask = 2147483647;
			files = (
			);
			runOnlyForDeploymentPostprocessing = 0;
		};
		B98EB33D2B49339C0003A4D7 /* Resources */ = {
			isa = PBXResourcesBuildPhase;
			buildActionMask = 2147483647;
			files = (
			);
			runOnlyForDeploymentPostprocessing = 0;
		};
/* End PBXResourcesBuildPhase section */

/* Begin PBXSourcesBuildPhase section */
		B98EB31B2B4933990003A4D7 /* Sources */ = {
			isa = PBXSourcesBuildPhase;
			buildActionMask = 2147483647;
			files = (
				B98EB3272B4933990003A4D7 /* ViewController.swift in Sources */,
				B98EB3232B4933990003A4D7 /* AppDelegate.swift in Sources */,
				B98EB3252B4933990003A4D7 /* SceneDelegate.swift in Sources */,
			);
			runOnlyForDeploymentPostprocessing = 0;
		};
		B98EB3312B49339C0003A4D7 /* Sources */ = {
			isa = PBXSourcesBuildPhase;
			buildActionMask = 2147483647;
			files = (
				B98EB33A2B49339C0003A4D7 /* CounterTests.swift in Sources */,
			);
			runOnlyForDeploymentPostprocessing = 0;
		};
		B98EB33B2B49339C0003A4D7 /* Sources */ = {
			isa = PBXSourcesBuildPhase;
			buildActionMask = 2147483647;
			files = (
				B98EB3442B49339C0003A4D7 /* CounterUITests.swift in Sources */,
				B98EB3462B49339C0003A4D7 /* CounterUITestsLaunchTests.swift in Sources */,
			);
			runOnlyForDeploymentPostprocessing = 0;
		};
/* End PBXSourcesBuildPhase section */

/* Begin PBXTargetDependency section */
		B98EB3372B49339C0003A4D7 /* PBXTargetDependency */ = {
			isa = PBXTargetDependency;
			target = B98EB31E2B4933990003A4D7 /* Counter */;
			targetProxy = B98EB3362B49339C0003A4D7 /* PBXContainerItemProxy */;
		};
		B98EB3412B49339C0003A4D7 /* PBXTargetDependency */ = {
			isa = PBXTargetDependency;
			target = B98EB31E2B4933990003A4D7 /* Counter */;
			targetProxy = B98EB3402B49339C0003A4D7 /* PBXContainerItemProxy */;
		};
/* End PBXTargetDependency section */

/* Begin PBXVariantGroup section */
		B98EB3282B4933990003A4D7 /* Main.storyboard */ = {
			isa = PBXVariantGroup;
			children = (
				B98EB3292B4933990003A4D7 /* Base */,
			);
			name = Main.storyboard;
			sourceTree = "<group>";
		};
		B98EB32D2B49339C0003A4D7 /* LaunchScreen.storyboard */ = {
			isa = PBXVariantGroup;
			children = (
				B98EB32E2B49339C0003A4D7 /* Base */,
			);
			name = LaunchScreen.storyboard;
			sourceTree = "<group>";
		};
/* End PBXVariantGroup section */

/* Begin XCBuildConfiguration section */
		B98EB3472B49339C0003A4D7 /* Debug */ = {
			isa = XCBuildConfiguration;
			buildSettings = {
				ALWAYS_SEARCH_USER_PATHS = NO;
				ASSETCATALOG_COMPILER_GENERATE_SWIFT_ASSET_SYMBOL_EXTENSIONS = YES;
				CLANG_ANALYZER_NONNULL = YES;
				CLANG_ANALYZER_NUMBER_OBJECT_CONVERSION = YES_AGGRESSIVE;
				CLANG_CXX_LANGUAGE_STANDARD = "gnu++20";
				CLANG_ENABLE_MODULES = YES;
				CLANG_ENABLE_OBJC_ARC = YES;
				CLANG_ENABLE_OBJC_WEAK = YES;
				CLANG_WARN_BLOCK_CAPTURE_AUTORELEASING = YES;
				CLANG_WARN_BOOL_CONVERSION = YES;
				CLANG_WARN_COMMA = YES;
				CLANG_WARN_CONSTANT_CONVERSION = YES;
				CLANG_WARN_DEPRECATED_OBJC_IMPLEMENTATIONS = YES;
				CLANG_WARN_DIRECT_OBJC_ISA_USAGE = YES_ERROR;
				CLANG_WARN_DOCUMENTATION_COMMENTS = YES;
				CLANG_WARN_EMPTY_BODY = YES;
				CLANG_WARN_ENUM_CONVERSION = YES;
				CLANG_WARN_INFINITE_RECURSION = YES;
				CLANG_WARN_INT_CONVERSION = YES;
				CLANG_WARN_NON_LITERAL_NULL_CONVERSION = YES;
				CLANG_WARN_OBJC_IMPLICIT_RETAIN_SELF = YES;
				CLANG_WARN_OBJC_LITERAL_CONVERSION = YES;
				CLANG_WARN_OBJC_ROOT_CLASS = YES_ERROR;
				CLANG_WARN_QUOTED_INCLUDE_IN_FRAMEWORK_HEADER = YES;
				CLANG_WARN_RANGE_LOOP_ANALYSIS = YES;
				CLANG_WARN_STRICT_PROTOTYPES = YES;
				CLANG_WARN_SUSPICIOUS_MOVE = YES;
				CLANG_WARN_UNGUARDED_AVAILABILITY = YES_AGGRESSIVE;
				CLANG_WARN_UNREACHABLE_CODE = YES;
				CLANG_WARN__DUPLICATE_METHOD_MATCH = YES;
				COPY_PHASE_STRIP = NO;
				DEBUG_INFORMATION_FORMAT = dwarf;
				ENABLE_STRICT_OBJC_MSGSEND = YES;
				ENABLE_TESTABILITY = YES;
				ENABLE_USER_SCRIPT_SANDBOXING = YES;
				GCC_C_LANGUAGE_STANDARD = gnu17;
				GCC_DYNAMIC_NO_PIC = NO;
				GCC_NO_COMMON_BLOCKS = YES;
				GCC_OPTIMIZATION_LEVEL = 0;
				GCC_PREPROCESSOR_DEFINITIONS = (
					"DEBUG=1",
					"$(inherited)",
				);
				GCC_WARN_64_TO_32_BIT_CONVERSION = YES;
				GCC_WARN_ABOUT_RETURN_TYPE = YES_ERROR;
				GCC_WARN_UNDECLARED_SELECTOR = YES;
				GCC_WARN_UNINITIALIZED_AUTOS = YES_AGGRESSIVE;
				GCC_WARN_UNUSED_FUNCTION = YES;
				GCC_WARN_UNUSED_VARIABLE = YES;
				IPHONEOS_DEPLOYMENT_TARGET = 17.2;
				LOCALIZATION_PREFERS_STRING_CATALOGS = YES;
				MTL_ENABLE_DEBUG_INFO = INCLUDE_SOURCE;
				MTL_FAST_MATH = YES;
				ONLY_ACTIVE_ARCH = YES;
				SDKROOT = iphoneos;
				SWIFT_ACTIVE_COMPILATION_CONDITIONS = "DEBUG $(inherited)";
				SWIFT_OPTIMIZATION_LEVEL = "-Onone";
			};
			name = Debug;
		};
		B98EB3482B49339C0003A4D7 /* Release */ = {
			isa = XCBuildConfiguration;
			buildSettings = {
				ALWAYS_SEARCH_USER_PATHS = NO;
				ASSETCATALOG_COMPILER_GENERATE_SWIFT_ASSET_SYMBOL_EXTENSIONS = YES;
				CLANG_ANALYZER_NONNULL = YES;
				CLANG_ANALYZER_NUMBER_OBJECT_CONVERSION = YES_AGGRESSIVE;
				CLANG_CXX_LANGUAGE_STANDARD = "gnu++20";
				CLANG_ENABLE_MODULES = YES;
				CLANG_ENABLE_OBJC_ARC = YES;
				CLANG_ENABLE_OBJC_WEAK = YES;
				CLANG_WARN_BLOCK_CAPTURE_AUTORELEASING = YES;
				CLANG_WARN_BOOL_CONVERSION = YES;
				CLANG_WARN_COMMA = YES;
				CLANG_WARN_CONSTANT_CONVERSION = YES;
				CLANG_WARN_DEPRECATED_OBJC_IMPLEMENTATIONS = YES;
				CLANG_WARN_DIRECT_OBJC_ISA_USAGE = YES_ERROR;
				CLANG_WARN_DOCUMENTATION_COMMENTS = YES;
				CLANG_WARN_EMPTY_BODY = YES;
				CLANG_WARN_ENUM_CONVERSION = YES;
				CLANG_WARN_INFINITE_RECURSION = YES;
				CLANG_WARN_INT_CONVERSION = YES;
				CLANG_WARN_NON_LITERAL_NULL_CONVERSION = YES;
				CLANG_WARN_OBJC_IMPLICIT_RETAIN_SELF = YES;
				CLANG_WARN_OBJC_LITERAL_CONVERSION = YES;
				CLANG_WARN_OBJC_ROOT_CLASS = YES_ERROR;
				CLANG_WARN_QUOTED_INCLUDE_IN_FRAMEWORK_HEADER = YES;
				CLANG_WARN_RANGE_LOOP_ANALYSIS = YES;
				CLANG_WARN_STRICT_PROTOTYPES = YES;
				CLANG_WARN_SUSPICIOUS_MOVE = YES;
				CLANG_WARN_UNGUARDED_AVAILABILITY = YES_AGGRESSIVE;
				CLANG_WARN_UNREACHABLE_CODE = YES;
				CLANG_WARN__DUPLICATE_METHOD_MATCH = YES;
				COPY_PHASE_STRIP = NO;
				DEBUG_INFORMATION_FORMAT = "dwarf-with-dsym";
				ENABLE_NS_ASSERTIONS = NO;
				ENABLE_STRICT_OBJC_MSGSEND = YES;
				ENABLE_USER_SCRIPT_SANDBOXING = YES;
				GCC_C_LANGUAGE_STANDARD = gnu17;
				GCC_NO_COMMON_BLOCKS = YES;
				GCC_WARN_64_TO_32_BIT_CONVERSION = YES;
				GCC_WARN_ABOUT_RETURN_TYPE = YES_ERROR;
				GCC_WARN_UNDECLARED_SELECTOR = YES;
				GCC_WARN_UNINITIALIZED_AUTOS = YES_AGGRESSIVE;
				GCC_WARN_UNUSED_FUNCTION = YES;
				GCC_WARN_UNUSED_VARIABLE = YES;
				IPHONEOS_DEPLOYMENT_TARGET = 17.2;
				LOCALIZATION_PREFERS_STRING_CATALOGS = YES;
				MTL_ENABLE_DEBUG_INFO = NO;
				MTL_FAST_MATH = YES;
				SDKROOT = iphoneos;
				SWIFT_COMPILATION_MODE = wholemodule;
				VALIDATE_PRODUCT = YES;
			};
			name = Release;
		};
		B98EB34A2B49339C0003A4D7 /* Debug */ = {
			isa = XCBuildConfiguration;
			buildSettings = {
				ASSETCATALOG_COMPILER_APPICON_NAME = AppIcon;
				ASSETCATALOG_COMPILER_GLOBAL_ACCENT_COLOR_NAME = AccentColor;
				CODE_SIGN_STYLE = Automatic;
				CURRENT_PROJECT_VERSION = 1;
				DEVELOPMENT_TEAM = A36JAT76ZX;
				GENERATE_INFOPLIST_FILE = YES;
				INFOPLIST_FILE = Counter/Info.plist;
				INFOPLIST_KEY_UIApplicationSupportsIndirectInputEvents = YES;
				INFOPLIST_KEY_UILaunchStoryboardName = LaunchScreen;
				INFOPLIST_KEY_UIMainStoryboardFile = Main;
				INFOPLIST_KEY_UISupportedInterfaceOrientations_iPad = "UIInterfaceOrientationPortrait UIInterfaceOrientationPortraitUpsideDown UIInterfaceOrientationLandscapeLeft UIInterfaceOrientationLandscapeRight";
				INFOPLIST_KEY_UISupportedInterfaceOrientations_iPhone = "UIInterfaceOrientationPortrait UIInterfaceOrientationLandscapeLeft UIInterfaceOrientationLandscapeRight";
				LD_RUNPATH_SEARCH_PATHS = (
					"$(inherited)",
					"@executable_path/Frameworks",
				);
				MARKETING_VERSION = 1.0;
				PRODUCT_BUNDLE_IDENTIFIER = "dmitriy.chicherin-yandex.ru.Counter";
				PRODUCT_NAME = "$(TARGET_NAME)";
				SWIFT_EMIT_LOC_STRINGS = YES;
				SWIFT_VERSION = 5.0;
				TARGETED_DEVICE_FAMILY = "1,2";
			};
			name = Debug;
		};
		B98EB34B2B49339C0003A4D7 /* Release */ = {
			isa = XCBuildConfiguration;
			buildSettings = {
				ASSETCATALOG_COMPILER_APPICON_NAME = AppIcon;
				ASSETCATALOG_COMPILER_GLOBAL_ACCENT_COLOR_NAME = AccentColor;
				CODE_SIGN_STYLE = Automatic;
				CURRENT_PROJECT_VERSION = 1;
				DEVELOPMENT_TEAM = A36JAT76ZX;
				GENERATE_INFOPLIST_FILE = YES;
				INFOPLIST_FILE = Counter/Info.plist;
				INFOPLIST_KEY_UIApplicationSupportsIndirectInputEvents = YES;
				INFOPLIST_KEY_UILaunchStoryboardName = LaunchScreen;
				INFOPLIST_KEY_UIMainStoryboardFile = Main;
				INFOPLIST_KEY_UISupportedInterfaceOrientations_iPad = "UIInterfaceOrientationPortrait UIInterfaceOrientationPortraitUpsideDown UIInterfaceOrientationLandscapeLeft UIInterfaceOrientationLandscapeRight";
				INFOPLIST_KEY_UISupportedInterfaceOrientations_iPhone = "UIInterfaceOrientationPortrait UIInterfaceOrientationLandscapeLeft UIInterfaceOrientationLandscapeRight";
				LD_RUNPATH_SEARCH_PATHS = (
					"$(inherited)",
					"@executable_path/Frameworks",
				);
				MARKETING_VERSION = 1.0;
				PRODUCT_BUNDLE_IDENTIFIER = "dmitriy.chicherin-yandex.ru.Counter";
				PRODUCT_NAME = "$(TARGET_NAME)";
				SWIFT_EMIT_LOC_STRINGS = YES;
				SWIFT_VERSION = 5.0;
				TARGETED_DEVICE_FAMILY = "1,2";
			};
			name = Release;
		};
		B98EB34D2B49339C0003A4D7 /* Debug */ = {
			isa = XCBuildConfiguration;
			buildSettings = {
				ALWAYS_EMBED_SWIFT_STANDARD_LIBRARIES = YES;
				BUNDLE_LOADER = "$(TEST_HOST)";
				CODE_SIGN_STYLE = Automatic;
				CURRENT_PROJECT_VERSION = 1;
				DEVELOPMENT_TEAM = A36JAT76ZX;
				GENERATE_INFOPLIST_FILE = YES;
				IPHONEOS_DEPLOYMENT_TARGET = 17.2;
				MARKETING_VERSION = 1.0;
				PRODUCT_BUNDLE_IDENTIFIER = "dmitriy.chicherin-yandex.ru.CounterTests";
				PRODUCT_NAME = "$(TARGET_NAME)";
				SWIFT_EMIT_LOC_STRINGS = NO;
				SWIFT_VERSION = 5.0;
				TARGETED_DEVICE_FAMILY = "1,2";
				TEST_HOST = "$(BUILT_PRODUCTS_DIR)/Counter.app/$(BUNDLE_EXECUTABLE_FOLDER_PATH)/Counter";
			};
			name = Debug;
		};
		B98EB34E2B49339C0003A4D7 /* Release */ = {
			isa = XCBuildConfiguration;
			buildSettings = {
				ALWAYS_EMBED_SWIFT_STANDARD_LIBRARIES = YES;
				BUNDLE_LOADER = "$(TEST_HOST)";
				CODE_SIGN_STYLE = Automatic;
				CURRENT_PROJECT_VERSION = 1;
				DEVELOPMENT_TEAM = A36JAT76ZX;
				GENERATE_INFOPLIST_FILE = YES;
				IPHONEOS_DEPLOYMENT_TARGET = 17.2;
				MARKETING_VERSION = 1.0;
				PRODUCT_BUNDLE_IDENTIFIER = "dmitriy.chicherin-yandex.ru.CounterTests";
				PRODUCT_NAME = "$(TARGET_NAME)";
				SWIFT_EMIT_LOC_STRINGS = NO;
				SWIFT_VERSION = 5.0;
				TARGETED_DEVICE_FAMILY = "1,2";
				TEST_HOST = "$(BUILT_PRODUCTS_DIR)/Counter.app/$(BUNDLE_EXECUTABLE_FOLDER_PATH)/Counter";
			};
			name = Release;
		};
		B98EB3502B49339C0003A4D7 /* Debug */ = {
			isa = XCBuildConfiguration;
			buildSettings = {
				ALWAYS_EMBED_SWIFT_STANDARD_LIBRARIES = YES;
				CODE_SIGN_STYLE = Automatic;
				CURRENT_PROJECT_VERSION = 1;
				DEVELOPMENT_TEAM = A36JAT76ZX;
				GENERATE_INFOPLIST_FILE = YES;
				MARKETING_VERSION = 1.0;
				PRODUCT_BUNDLE_IDENTIFIER = "dmitriy.chicherin-yandex.ru.CounterUITests";
				PRODUCT_NAME = "$(TARGET_NAME)";
				SWIFT_EMIT_LOC_STRINGS = NO;
				SWIFT_VERSION = 5.0;
				TARGETED_DEVICE_FAMILY = "1,2";
				TEST_TARGET_NAME = Counter;
			};
			name = Debug;
		};
		B98EB3512B49339C0003A4D7 /* Release */ = {
			isa = XCBuildConfiguration;
			buildSettings = {
				ALWAYS_EMBED_SWIFT_STANDARD_LIBRARIES = YES;
				CODE_SIGN_STYLE = Automatic;
				CURRENT_PROJECT_VERSION = 1;
				DEVELOPMENT_TEAM = A36JAT76ZX;
				GENERATE_INFOPLIST_FILE = YES;
				MARKETING_VERSION = 1.0;
				PRODUCT_BUNDLE_IDENTIFIER = "dmitriy.chicherin-yandex.ru.CounterUITests";
				PRODUCT_NAME = "$(TARGET_NAME)";
				SWIFT_EMIT_LOC_STRINGS = NO;
				SWIFT_VERSION = 5.0;
				TARGETED_DEVICE_FAMILY = "1,2";
				TEST_TARGET_NAME = Counter;
			};
			name = Release;
		};
/* End XCBuildConfiguration section */

/* Begin XCConfigurationList section */
		B98EB31A2B4933990003A4D7 /* Build configuration list for PBXProject "Counter" */ = {
			isa = XCConfigurationList;
			buildConfigurations = (
				B98EB3472B49339C0003A4D7 /* Debug */,
				B98EB3482B49339C0003A4D7 /* Release */,
			);
			defaultConfigurationIsVisible = 0;
			defaultConfigurationName = Release;
		};
		B98EB3492B49339C0003A4D7 /* Build configuration list for PBXNativeTarget "Counter" */ = {
			isa = XCConfigurationList;
			buildConfigurations = (
				B98EB34A2B49339C0003A4D7 /* Debug */,
				B98EB34B2B49339C0003A4D7 /* Release */,
			);
			defaultConfigurationIsVisible = 0;
			defaultConfigurationName = Release;
		};
		B98EB34C2B49339C0003A4D7 /* Build configuration list for PBXNativeTarget "CounterTests" */ = {
			isa = XCConfigurationList;
			buildConfigurations = (
				B98EB34D2B49339C0003A4D7 /* Debug */,
				B98EB34E2B49339C0003A4D7 /* Release */,
			);
			defaultConfigurationIsVisible = 0;
			defaultConfigurationName = Release;
		};
		B98EB34F2B49339C0003A4D7 /* Build configuration list for PBXNativeTarget "CounterUITests" */ = {
			isa = XCConfigurationList;
			buildConfigurations = (
				B98EB3502B49339C0003A4D7 /* Debug */,
				B98EB3512B49339C0003A4D7 /* Release */,
			);
			defaultConfigurationIsVisible = 0;
			defaultConfigurationName = Release;
		};
/* End XCConfigurationList section */
	};
	rootObject = B98EB3172B4933990003A4D7 /* Project object */;
}
